PODS:
  - Nimble (3.0.0)
  - Quick (0.8.0)
  - SwiftDately (0.1.0)

DEPENDENCIES:
  - Nimble (= 3.0.0)
  - Quick (~> 0.8.0)
  - SwiftDately (from `../`)

EXTERNAL SOURCES:
  SwiftDately:
    :path: ../

SPEC CHECKSUMS:
  Nimble: 4c353d43735b38b545cbb4cb91504588eb5de926
  Quick: 563d0f6ec5f72e394645adb377708639b7dd38ab
  SwiftDately: 344597aa9ff72c663faa570f9455e3a0c8c63b62

COCOAPODS: 0.39.0
